PODS:
  - QBImagePickerController (3.4.0)
  - React/Core (0.59.10):
    - yoga (= 0.59.10.React)
  - React/fishhook (0.59.10)
  - React/RCTActionSheet (0.59.10):
    - React/Core
  - React/RCTAnimation (0.59.10):
    - React/Core
  - React/RCTBlob (0.59.10):
    - React/Core
  - React/RCTGeolocation (0.59.10):
    - React/Core
  - React/RCTImage (0.59.10):
    - React/Core
    - React/RCTNetwork
  - React/RCTLinkingIOS (0.59.10):
    - React/Core
  - React/RCTNetwork (0.59.10):
    - React/Core
  - React/RCTSettings (0.59.10):
    - React/Core
  - React/RCTText (0.59.10):
    - React/Core
  - React/RCTVibration (0.59.10):
    - React/Core
  - React/RCTWebSocket (0.59.10):
    - React/Core
    - React/fishhook
    - React/RCTBlob
  - RNImageCropPicker (0.24.1):
    - QBImagePickerController
    - React/Core
    - RSKImageCropper
  - RSKImageCropper (2.2.3)
  - yoga (0.59.10.React)

DEPENDENCIES:
  - React/Core (from `../node_modules/react-native`)
  - React/RCTActionSheet (from `../node_modules/react-native`)
  - React/RCTAnimation (from `../node_modules/react-native`)
  - React/RCTGeolocation (from `../node_modules/react-native`)
  - React/RCTImage (from `../node_modules/react-native`)
  - React/RCTLinkingIOS (from `../node_modules/react-native`)
  - React/RCTNetwork (from `../node_modules/react-native`)
  - React/RCTSettings (from `../node_modules/react-native`)
  - React/RCTText (from `../node_modules/react-native`)
  - React/RCTVibration (from `../node_modules/react-native`)
  - React/RCTWebSocket (from `../node_modules/react-native`)
  - RNImageCropPicker (from `../node_modules/react-native-image-crop-picker`)
  - yoga (from `../node_modules/react-native/ReactCommon/yoga/yoga.podspec`)

SPEC REPOS:
  https://github.com/CocoaPods/Specs.git:
    - QBImagePickerController
    - RSKImageCropper

EXTERNAL SOURCES:
  React:
    :path: "../node_modules/react-native"
  RNImageCropPicker:
    :path: "../node_modules/react-native-image-crop-picker"
  yoga:
    :path: "../node_modules/react-native/ReactCommon/yoga/yoga.podspec"

SPEC CHECKSUMS:
  QBImagePickerController: d54cf93db6decf26baf6ed3472f336ef35cae022
  React: 36d0768f9e93be2473b37e7fa64f92c1d5341eef
  RNImageCropPicker: 6134b66a3d5bc13e2895a97c630a4254006902b4
  RSKImageCropper: a446db0e8444a036b34f3c43db01b2373baa4b2a
  yoga: 684513b14b03201579ba3cee20218c9d1298b0cc

PODFILE CHECKSUM: 0bb84cb5c457cca632b494aaac0db87e992846d1

COCOAPODS: 1.8.1
